
Microsoft Visual Studio Solution File, Format Version 12.00
# Visual Studio Version 17
VisualStudioVersion = 17.11.35222.181
MinimumVisualStudioVersion = 10.0.40219.1
Project("{FAE04EC0-301F-11D3-BF4B-00C04F79EFBC}") = "4 modul", "4 modul\4 modul.csproj", "{1D092E6E-2895-4F42-ABD6-BAF907F3685F}"
EndProject
Global
	GlobalSection(SolutionConfigurationPlatforms) = preSolution
		Debug|Any CPU = Debug|Any CPU
		Release|Any CPU = Release|Any CPU
	EndGlobalSection
	GlobalSection(ProjectConfigurationPlatforms) = postSolution
		{1D092E6E-2895-4F42-ABD6-BAF907F3685F}.Debug|Any CPU.ActiveCfg = Debug|Any CPU
		{1D092E6E-2895-4F42-ABD6-BAF907F3685F}.Debug|Any CPU.Build.0 = Debug|Any CPU
		{1D092E6E-2895-4F42-ABD6-BAF907F3685F}.Release|Any CPU.ActiveCfg = Release|Any CPU
		{1D092E6E-2895-4F42-ABD6-BAF907F3685F}.Release|Any CPU.Build.0 = Release|Any CPU
	EndGlobalSection
	GlobalSection(SolutionProperties) = preSolution
		HideSolutionNode = FALSE
	EndGlobalSection
	GlobalSection(ExtensibilityGlobals) = postSolution
		SolutionGuid = {52E9CF1F-6EBE-4D84-9267-2B9F8413CD2F}
	EndGlobalSection
EndGlobal
